
Microsoft Visual Studio Solution File, Format Version 12.00
# Visual Studio Version 16
VisualStudioVersion = 16.0.29411.138
MinimumVisualStudioVersion = 10.0.40219.1
Project("{2150E333-8FDC-42A3-9474-1A3956D46DE8}") = "src", "src", "{0F37E5B5-45FB-4A9B-B1FD-7590C90CF308}"
EndProject
Project("{2150E333-8FDC-42A3-9474-1A3956D46DE8}") = "tests", "tests", "{20D8CD77-90DB-4CC1-A9FC-9FC8DF6474C3}"
EndProject
Project("{2150E333-8FDC-42A3-9474-1A3956D46DE8}") = "sandbox", "sandbox", "{BCFEBA7D-123F-438C-AE1A-9A16B416C4C9}"
EndProject
Project("{9A19103F-16F7-4668-BE54-9A1E7A4F7556}") = "ToastSample", "sandbox\ToastSample\ToastSample.csproj", "{E07FB350-A144-450A-B121-5B7353ADB9F0}"
EndProject
Project("{2150E333-8FDC-42A3-9474-1A3956D46DE8}") = "Solution Items", "Solution Items", "{A723AD7E-333C-4B70-BF42-96D021161848}"
	ProjectSection(SolutionItems) = preProject
		README.md = README.md
	EndProjectSection
EndProject
Project("{9A19103F-16F7-4668-BE54-9A1E7A4F7556}") = "Blazorius.Toast", "src\Blazorius.Toast\Blazorius.Toast.csproj", "{7C359404-6277-4700-A89B-65D1266F876F}"
EndProject
Project("{9A19103F-16F7-4668-BE54-9A1E7A4F7556}") = "Blazorius.Toast.Toastr", "src\Blazorius.Toast.Toastr\Blazorius.Toast.Toastr.csproj", "{B90AAB53-24D9-4948-822C-C880CCC50012}"
EndProject
Project("{9A19103F-16F7-4668-BE54-9A1E7A4F7556}") = "Blazorius.Toast.NativeToast", "src\Blazorius.Toast.NativeToast\Blazorius.Toast.NativeToast.csproj", "{6994D8AB-9B92-43B3-8015-C4B5AE54493B}"
EndProject
Project("{9A19103F-16F7-4668-BE54-9A1E7A4F7556}") = "Blazorius.Toast.SiiimpleToast", "src\Blazorius.Toast.SiiimpleToast\Blazorius.Toast.SiiimpleToast.csproj", "{47928CEB-5184-4CC3-875B-A0E4EFDD3E5C}"
EndProject
Global
	GlobalSection(SolutionConfigurationPlatforms) = preSolution
		Debug|Any CPU = Debug|Any CPU
		Release|Any CPU = Release|Any CPU
	EndGlobalSection
	GlobalSection(ProjectConfigurationPlatforms) = postSolution
		{E07FB350-A144-450A-B121-5B7353ADB9F0}.Debug|Any CPU.ActiveCfg = Debug|Any CPU
		{E07FB350-A144-450A-B121-5B7353ADB9F0}.Debug|Any CPU.Build.0 = Debug|Any CPU
		{E07FB350-A144-450A-B121-5B7353ADB9F0}.Release|Any CPU.ActiveCfg = Release|Any CPU
		{E07FB350-A144-450A-B121-5B7353ADB9F0}.Release|Any CPU.Build.0 = Release|Any CPU
		{7C359404-6277-4700-A89B-65D1266F876F}.Debug|Any CPU.ActiveCfg = Debug|Any CPU
		{7C359404-6277-4700-A89B-65D1266F876F}.Debug|Any CPU.Build.0 = Debug|Any CPU
		{7C359404-6277-4700-A89B-65D1266F876F}.Release|Any CPU.ActiveCfg = Release|Any CPU
		{7C359404-6277-4700-A89B-65D1266F876F}.Release|Any CPU.Build.0 = Release|Any CPU
		{B90AAB53-24D9-4948-822C-C880CCC50012}.Debug|Any CPU.ActiveCfg = Debug|Any CPU
		{B90AAB53-24D9-4948-822C-C880CCC50012}.Debug|Any CPU.Build.0 = Debug|Any CPU
		{B90AAB53-24D9-4948-822C-C880CCC50012}.Release|Any CPU.ActiveCfg = Release|Any CPU
		{B90AAB53-24D9-4948-822C-C880CCC50012}.Release|Any CPU.Build.0 = Release|Any CPU
		{6994D8AB-9B92-43B3-8015-C4B5AE54493B}.Debug|Any CPU.ActiveCfg = Debug|Any CPU
		{6994D8AB-9B92-43B3-8015-C4B5AE54493B}.Debug|Any CPU.Build.0 = Debug|Any CPU
		{6994D8AB-9B92-43B3-8015-C4B5AE54493B}.Release|Any CPU.ActiveCfg = Release|Any CPU
		{6994D8AB-9B92-43B3-8015-C4B5AE54493B}.Release|Any CPU.Build.0 = Release|Any CPU
		{47928CEB-5184-4CC3-875B-A0E4EFDD3E5C}.Debug|Any CPU.ActiveCfg = Debug|Any CPU
		{47928CEB-5184-4CC3-875B-A0E4EFDD3E5C}.Debug|Any CPU.Build.0 = Debug|Any CPU
		{47928CEB-5184-4CC3-875B-A0E4EFDD3E5C}.Release|Any CPU.ActiveCfg = Release|Any CPU
		{47928CEB-5184-4CC3-875B-A0E4EFDD3E5C}.Release|Any CPU.Build.0 = Release|Any CPU
	EndGlobalSection
	GlobalSection(SolutionProperties) = preSolution
		HideSolutionNode = FALSE
	EndGlobalSection
	GlobalSection(NestedProjects) = preSolution
		{E07FB350-A144-450A-B121-5B7353ADB9F0} = {BCFEBA7D-123F-438C-AE1A-9A16B416C4C9}
		{7C359404-6277-4700-A89B-65D1266F876F} = {0F37E5B5-45FB-4A9B-B1FD-7590C90CF308}
		{B90AAB53-24D9-4948-822C-C880CCC50012} = {0F37E5B5-45FB-4A9B-B1FD-7590C90CF308}
		{6994D8AB-9B92-43B3-8015-C4B5AE54493B} = {0F37E5B5-45FB-4A9B-B1FD-7590C90CF308}
		{47928CEB-5184-4CC3-875B-A0E4EFDD3E5C} = {0F37E5B5-45FB-4A9B-B1FD-7590C90CF308}
	EndGlobalSection
	GlobalSection(ExtensibilityGlobals) = postSolution
		SolutionGuid = {D7374DE2-5DCC-4215-B1CC-9800316B859E}
	EndGlobalSection
EndGlobal
